
Microsoft Visual Studio Solution File, Format Version 12.00
# Visual Studio Version 17
VisualStudioVersion = 17.0.32126.317
MinimumVisualStudioVersion = 10.0.40219.1
Project("{FAE04EC0-301F-11D3-BF4B-00C04F79EFBC}") = "DelegateLesson", "DelegateLesson\DelegateLesson.csproj", "{6CC450C3-E171-44C6-9BAD-C8FF4795764D}"
EndProject
Project("{FAE04EC0-301F-11D3-BF4B-00C04F79EFBC}") = "Task", "Task\Task.csproj", "{7F3E10C9-F3B0-42F8-93B6-83A6C30F97F4}"
EndProject
Global
	GlobalSection(SolutionConfigurationPlatforms) = preSolution
		Debug|Any CPU = Debug|Any CPU
		Release|Any CPU = Release|Any CPU
	EndGlobalSection
	GlobalSection(ProjectConfigurationPlatforms) = postSolution
		{6CC450C3-E171-44C6-9BAD-C8FF4795764D}.Debug|Any CPU.ActiveCfg = Debug|Any CPU
		{6CC450C3-E171-44C6-9BAD-C8FF4795764D}.Debug|Any CPU.Build.0 = Debug|Any CPU
		{6CC450C3-E171-44C6-9BAD-C8FF4795764D}.Release|Any CPU.ActiveCfg = Release|Any CPU
		{6CC450C3-E171-44C6-9BAD-C8FF4795764D}.Release|Any CPU.Build.0 = Release|Any CPU
		{7F3E10C9-F3B0-42F8-93B6-83A6C30F97F4}.Debug|Any CPU.ActiveCfg = Debug|Any CPU
		{7F3E10C9-F3B0-42F8-93B6-83A6C30F97F4}.Debug|Any CPU.Build.0 = Debug|Any CPU
		{7F3E10C9-F3B0-42F8-93B6-83A6C30F97F4}.Release|Any CPU.ActiveCfg = Release|Any CPU
		{7F3E10C9-F3B0-42F8-93B6-83A6C30F97F4}.Release|Any CPU.Build.0 = Release|Any CPU
	EndGlobalSection
	GlobalSection(SolutionProperties) = preSolution
		HideSolutionNode = FALSE
	EndGlobalSection
	GlobalSection(ExtensibilityGlobals) = postSolution
		SolutionGuid = {2AA5B50C-3AC9-4A52-93A6-CEC1EF2664DB}
	EndGlobalSection
EndGlobal
